
Microsoft Visual Studio Solution File, Format Version 12.00
# Visual Studio Version 17
VisualStudioVersion = 17.4.33205.214
MinimumVisualStudioVersion = 10.0.40219.1
Project("{FAE04EC0-301F-11D3-BF4B-00C04F79EFBC}") = "App1.Android", "App1.Android\App1.Android.csproj", "{068535F6-0752-45FD-8549-EC2A628F0962}"
EndProject
Project("{FAE04EC0-301F-11D3-BF4B-00C04F79EFBC}") = "App1.iOS", "App1.iOS\App1.iOS.csproj", "{1DB62951-0EBA-4FB6-AD0D-FAE1DBE540B4}"
EndProject
Project("{FAE04EC0-301F-11D3-BF4B-00C04F79EFBC}") = "App1", "App1\App1.csproj", "{410E1348-53F5-4600-8FE9-71CE194A8CD0}"
EndProject
Global
	GlobalSection(SolutionConfigurationPlatforms) = preSolution
		Debug|Any CPU = Debug|Any CPU
		Debug|iPhone = Debug|iPhone
		Debug|iPhoneSimulator = Debug|iPhoneSimulator
		Release|Any CPU = Release|Any CPU
		Release|iPhone = Release|iPhone
		Release|iPhoneSimulator = Release|iPhoneSimulator
	EndGlobalSection
	GlobalSection(ProjectConfigurationPlatforms) = postSolution
		{068535F6-0752-45FD-8549-EC2A628F0962}.Debug|Any CPU.ActiveCfg = Debug|Any CPU
		{068535F6-0752-45FD-8549-EC2A628F0962}.Debug|Any CPU.Build.0 = Debug|Any CPU
		{068535F6-0752-45FD-8549-EC2A628F0962}.Debug|Any CPU.Deploy.0 = Debug|Any CPU
		{068535F6-0752-45FD-8549-EC2A628F0962}.Debug|iPhone.ActiveCfg = Debug|Any CPU
		{068535F6-0752-45FD-8549-EC2A628F0962}.Debug|iPhone.Build.0 = Debug|Any CPU
		{068535F6-0752-45FD-8549-EC2A628F0962}.Debug|iPhone.Deploy.0 = Debug|Any CPU
		{068535F6-0752-45FD-8549-EC2A628F0962}.Debug|iPhoneSimulator.ActiveCfg = Debug|Any CPU
		{068535F6-0752-45FD-8549-EC2A628F0962}.Debug|iPhoneSimulator.Build.0 = Debug|Any CPU
		{068535F6-0752-45FD-8549-EC2A628F0962}.Debug|iPhoneSimulator.Deploy.0 = Debug|Any CPU
		{068535F6-0752-45FD-8549-EC2A628F0962}.Release|Any CPU.ActiveCfg = Release|Any CPU
		{068535F6-0752-45FD-8549-EC2A628F0962}.Release|Any CPU.Build.0 = Release|Any CPU
		{068535F6-0752-45FD-8549-EC2A628F0962}.Release|Any CPU.Deploy.0 = Release|Any CPU
		{068535F6-0752-45FD-8549-EC2A628F0962}.Release|iPhone.ActiveCfg = Release|Any CPU
		{068535F6-0752-45FD-8549-EC2A628F0962}.Release|iPhone.Build.0 = Release|Any CPU
		{068535F6-0752-45FD-8549-EC2A628F0962}.Release|iPhone.Deploy.0 = Release|Any CPU
		{068535F6-0752-45FD-8549-EC2A628F0962}.Release|iPhoneSimulator.ActiveCfg = Release|Any CPU
		{068535F6-0752-45FD-8549-EC2A628F0962}.Release|iPhoneSimulator.Build.0 = Release|Any CPU
		{068535F6-0752-45FD-8549-EC2A628F0962}.Release|iPhoneSimulator.Deploy.0 = Release|Any CPU
		{1DB62951-0EBA-4FB6-AD0D-FAE1DBE540B4}.Debug|Any CPU.ActiveCfg = Debug|iPhone
		{1DB62951-0EBA-4FB6-AD0D-FAE1DBE540B4}.Debug|Any CPU.Build.0 = Debug|iPhone
		{1DB62951-0EBA-4FB6-AD0D-FAE1DBE540B4}.Debug|Any CPU.Deploy.0 = Debug|iPhone
		{1DB62951-0EBA-4FB6-AD0D-FAE1DBE540B4}.Debug|iPhone.ActiveCfg = Debug|iPhone
		{1DB62951-0EBA-4FB6-AD0D-FAE1DBE540B4}.Debug|iPhone.Build.0 = Debug|iPhone
		{1DB62951-0EBA-4FB6-AD0D-FAE1DBE540B4}.Debug|iPhone.Deploy.0 = Debug|iPhone
		{1DB62951-0EBA-4FB6-AD0D-FAE1DBE540B4}.Debug|iPhoneSimulator.ActiveCfg = Debug|iPhoneSimulator
		{1DB62951-0EBA-4FB6-AD0D-FAE1DBE540B4}.Debug|iPhoneSimulator.Build.0 = Debug|iPhoneSimulator
		{1DB62951-0EBA-4FB6-AD0D-FAE1DBE540B4}.Debug|iPhoneSimulator.Deploy.0 = Debug|iPhoneSimulator
		{1DB62951-0EBA-4FB6-AD0D-FAE1DBE540B4}.Release|Any CPU.ActiveCfg = Release|iPhoneSimulator
		{1DB62951-0EBA-4FB6-AD0D-FAE1DBE540B4}.Release|Any CPU.Build.0 = Release|iPhoneSimulator
		{1DB62951-0EBA-4FB6-AD0D-FAE1DBE540B4}.Release|Any CPU.Deploy.0 = Release|iPhoneSimulator
		{1DB62951-0EBA-4FB6-AD0D-FAE1DBE540B4}.Release|iPhone.ActiveCfg = Release|iPhone
		{1DB62951-0EBA-4FB6-AD0D-FAE1DBE540B4}.Release|iPhone.Build.0 = Release|iPhone
		{1DB62951-0EBA-4FB6-AD0D-FAE1DBE540B4}.Release|iPhone.Deploy.0 = Release|iPhone
		{1DB62951-0EBA-4FB6-AD0D-FAE1DBE540B4}.Release|iPhoneSimulator.ActiveCfg = Release|iPhoneSimulator
		{1DB62951-0EBA-4FB6-AD0D-FAE1DBE540B4}.Release|iPhoneSimulator.Build.0 = Release|iPhoneSimulator
		{1DB62951-0EBA-4FB6-AD0D-FAE1DBE540B4}.Release|iPhoneSimulator.Deploy.0 = Release|iPhoneSimulator
		{410E1348-53F5-4600-8FE9-71CE194A8CD0}.Debug|Any CPU.ActiveCfg = Debug|Any CPU
		{410E1348-53F5-4600-8FE9-71CE194A8CD0}.Debug|Any CPU.Build.0 = Debug|Any CPU
		{410E1348-53F5-4600-8FE9-71CE194A8CD0}.Debug|Any CPU.Deploy.0 = Debug|Any CPU
		{410E1348-53F5-4600-8FE9-71CE194A8CD0}.Debug|iPhone.ActiveCfg = Debug|Any CPU
		{410E1348-53F5-4600-8FE9-71CE194A8CD0}.Debug|iPhone.Build.0 = Debug|Any CPU
		{410E1348-53F5-4600-8FE9-71CE194A8CD0}.Debug|iPhone.Deploy.0 = Debug|Any CPU
		{410E1348-53F5-4600-8FE9-71CE194A8CD0}.Debug|iPhoneSimulator.ActiveCfg = Debug|Any CPU
		{410E1348-53F5-4600-8FE9-71CE194A8CD0}.Debug|iPhoneSimulator.Build.0 = Debug|Any CPU
		{410E1348-53F5-4600-8FE9-71CE194A8CD0}.Debug|iPhoneSimulator.Deploy.0 = Debug|Any CPU
		{410E1348-53F5-4600-8FE9-71CE194A8CD0}.Release|Any CPU.ActiveCfg = Release|Any CPU
		{410E1348-53F5-4600-8FE9-71CE194A8CD0}.Release|Any CPU.Build.0 = Release|Any CPU
		{410E1348-53F5-4600-8FE9-71CE194A8CD0}.Release|Any CPU.Deploy.0 = Release|Any CPU
		{410E1348-53F5-4600-8FE9-71CE194A8CD0}.Release|iPhone.ActiveCfg = Release|Any CPU
		{410E1348-53F5-4600-8FE9-71CE194A8CD0}.Release|iPhone.Build.0 = Release|Any CPU
		{410E1348-53F5-4600-8FE9-71CE194A8CD0}.Release|iPhone.Deploy.0 = Release|Any CPU
		{410E1348-53F5-4600-8FE9-71CE194A8CD0}.Release|iPhoneSimulator.ActiveCfg = Release|Any CPU
		{410E1348-53F5-4600-8FE9-71CE194A8CD0}.Release|iPhoneSimulator.Build.0 = Release|Any CPU
		{410E1348-53F5-4600-8FE9-71CE194A8CD0}.Release|iPhoneSimulator.Deploy.0 = Release|Any CPU
	EndGlobalSection
	GlobalSection(SolutionProperties) = preSolution
		HideSolutionNode = FALSE
	EndGlobalSection
	GlobalSection(ExtensibilityGlobals) = postSolution
		SolutionGuid = {F1BAEF0B-A11D-4323-9C45-3D9F8402017F}
	EndGlobalSection
EndGlobal
